
Microsoft Visual Studio Solution File, Format Version 12.00
# Visual Studio Version 16
VisualStudioVersion = 16.0.30804.86
MinimumVisualStudioVersion = 10.0.40219.1
Project("{FAE04EC0-301F-11D3-BF4B-00C04F79EFBC}") = "SchlorrOClock", "SchlorrOClock\SchlorrOClock.csproj", "{31D54602-DEB4-4451-97CD-A5908F84BB22}"
EndProject
Global
	GlobalSection(SolutionConfigurationPlatforms) = preSolution
		Debug|Any CPU = Debug|Any CPU
		Release|Any CPU = Release|Any CPU
	EndGlobalSection
	GlobalSection(ProjectConfigurationPlatforms) = postSolution
		{31D54602-DEB4-4451-97CD-A5908F84BB22}.Debug|Any CPU.ActiveCfg = Debug|Any CPU
		{31D54602-DEB4-4451-97CD-A5908F84BB22}.Debug|Any CPU.Build.0 = Debug|Any CPU
		{31D54602-DEB4-4451-97CD-A5908F84BB22}.Release|Any CPU.ActiveCfg = Release|Any CPU
		{31D54602-DEB4-4451-97CD-A5908F84BB22}.Release|Any CPU.Build.0 = Release|Any CPU
	EndGlobalSection
	GlobalSection(SolutionProperties) = preSolution
		HideSolutionNode = FALSE
	EndGlobalSection
	GlobalSection(ExtensibilityGlobals) = postSolution
		SolutionGuid = {A50B2E04-5CC0-4820-880C-485FF5198D7A}
	EndGlobalSection
EndGlobal
